// !$*UTF8*$!
{
	archiveVersion = 1;
	classes = {
	};
	objectVersion = 46;
	objects = {

/* Begin PBXBuildFile section */
		22012D9A1F5AF92E00FE9214 /* LunchCalendarTableViewCell.swift in Sources */ = {isa = PBXBuildFile; fileRef = 22012D991F5AF92E00FE9214 /* LunchCalendarTableViewCell.swift */; };
		221898B71F3440DC00A89F91 /* UserProfilePicTableViewCell.swift in Sources */ = {isa = PBXBuildFile; fileRef = 221898B51F3440DC00A89F91 /* UserProfilePicTableViewCell.swift */; };
		221898B81F3440DC00A89F91 /* UserProfilePicTableViewCell.xib in Resources */ = {isa = PBXBuildFile; fileRef = 221898B61F3440DC00A89F91 /* UserProfilePicTableViewCell.xib */; };
		221898BB1F34458400A89F91 /* UserProfileItemTableViewCell.swift in Sources */ = {isa = PBXBuildFile; fileRef = 221898B91F34458400A89F91 /* UserProfileItemTableViewCell.swift */; };
		221898BC1F34458400A89F91 /* UserProfileItemTableViewCell.xib in Resources */ = {isa = PBXBuildFile; fileRef = 221898BA1F34458400A89F91 /* UserProfileItemTableViewCell.xib */; };
		221ADCA11F373CB60094884E /* OrderStatusViewController.swift in Sources */ = {isa = PBXBuildFile; fileRef = 221ADCA01F373CB60094884E /* OrderStatusViewController.swift */; };
		221ADCAA1F385EB70094884E /* MapKit.framework in Frameworks */ = {isa = PBXBuildFile; fileRef = 221ADCA91F385EB70094884E /* MapKit.framework */; settings = {ATTRIBUTES = (Required, ); }; };
		221ADCB71F3994300094884E /* profileSettingWithDetailCell.swift in Sources */ = {isa = PBXBuildFile; fileRef = 221ADCB51F3994300094884E /* profileSettingWithDetailCell.swift */; };
		2229A17C20E913DE00A8A914 /* AllergyFoodViewController.swift in Sources */ = {isa = PBXBuildFile; fileRef = 2229A17B20E913DE00A8A914 /* AllergyFoodViewController.swift */; };
		2241C4841F5D4D940021DDE2 /* LunchOptionCollectionViewCell.swift in Sources */ = {isa = PBXBuildFile; fileRef = 2241C4831F5D4D940021DDE2 /* LunchOptionCollectionViewCell.swift */; };
		22433F841F55CDF4008FDA41 /* PastOrderViewController.swift in Sources */ = {isa = PBXBuildFile; fileRef = 22433F831F55CDF4008FDA41 /* PastOrderViewController.swift */; };
		2257603F1F335DC800875CDC /* AppDelegate.swift in Sources */ = {isa = PBXBuildFile; fileRef = 2257603E1F335DC800875CDC /* AppDelegate.swift */; };
		225760411F335DC800875CDC /* MealViewController.swift in Sources */ = {isa = PBXBuildFile; fileRef = 225760401F335DC800875CDC /* MealViewController.swift */; };
		225760431F335DC800875CDC /* SearchViewController.swift in Sources */ = {isa = PBXBuildFile; fileRef = 225760421F335DC800875CDC /* SearchViewController.swift */; };
		225760461F335DC800875CDC /* Main.storyboard in Resources */ = {isa = PBXBuildFile; fileRef = 225760441F335DC800875CDC /* Main.storyboard */; };
		225760481F335DC800875CDC /* Assets.xcassets in Resources */ = {isa = PBXBuildFile; fileRef = 225760471F335DC800875CDC /* Assets.xcassets */; };
		225760551F33641100875CDC /* UserSettingViewController.swift in Sources */ = {isa = PBXBuildFile; fileRef = 225760541F33641100875CDC /* UserSettingViewController.swift */; };
		225760771F33682B00875CDC /* LaunchScreen.storyboard in Resources */ = {isa = PBXBuildFile; fileRef = 225760761F33682B00875CDC /* LaunchScreen.storyboard */; };
		2266691C20E59E3100DB6152 /* SearchResultTableViewCell.swift in Sources */ = {isa = PBXBuildFile; fileRef = 2266691A20E59E3100DB6152 /* SearchResultTableViewCell.swift */; };
		226B5E321F78D357004E13A5 /* DataPickerCell.swift in Sources */ = {isa = PBXBuildFile; fileRef = 226B5E311F78D357004E13A5 /* DataPickerCell.swift */; };
		227AE2FA201A34050002490E /* GoogleService-Info.plist in Resources */ = {isa = PBXBuildFile; fileRef = 227AE2F9201A34050002490E /* GoogleService-Info.plist */; };
		227AFC3C1F5D7AB300297D09 /* UIExtension.swift in Sources */ = {isa = PBXBuildFile; fileRef = 227AFC3B1F5D7AB300297D09 /* UIExtension.swift */; };
		227AFC421F5FF4B300297D09 /* NoUpcomingOrderViewController.swift in Sources */ = {isa = PBXBuildFile; fileRef = 227AFC411F5FF4B300297D09 /* NoUpcomingOrderViewController.swift */; };
		227AFC471F62C0B400297D09 /* ProfileEditingViewController.swift in Sources */ = {isa = PBXBuildFile; fileRef = 227AFC461F62C0B400297D09 /* ProfileEditingViewController.swift */; };
		227AFC491F63D97C00297D09 /* ProfileEditingTableViewCell.swift in Sources */ = {isa = PBXBuildFile; fileRef = 227AFC481F63D97C00297D09 /* ProfileEditingTableViewCell.swift */; };
		227AFC4B1F66DD1200297D09 /* DataSelectionCell.swift in Sources */ = {isa = PBXBuildFile; fileRef = 227AFC4A1F66DD1200297D09 /* DataSelectionCell.swift */; };
		228CB2A81F9C8AA900203D16 /* FavFoodViewController.swift in Sources */ = {isa = PBXBuildFile; fileRef = 228CB2A71F9C8AA900203D16 /* FavFoodViewController.swift */; };
		2295A6BC1F4ED48400447209 /* OrderViewController.swift in Sources */ = {isa = PBXBuildFile; fileRef = 2295A6BB1F4ED48400447209 /* OrderViewController.swift */; };
		229CABD31F5D74BA0075549E /* OrderMenuBar.swift in Sources */ = {isa = PBXBuildFile; fileRef = 229CABD21F5D74BA0075549E /* OrderMenuBar.swift */; };
                22C59EB11F795B1A00912528 /* PlanTableViewController.swift in Sources */ = {isa = PBXBuildFile; fileRef = 22C59EB01F795B1A00912528 /* PlanTableViewController.swift */; };
                5F17E0ADB1F9DF12119DE198 /* Pods_LunchFree.framework in Frameworks */ = {isa = PBXBuildFile; fileRef = A1F2F7431FFB4DF025F28A8C /* Pods_LunchFree.framework */; };
                9351E94A00D64F8CB605B785 /* SearchViewControllerTests.swift in Sources */ = {isa = PBXBuildFile; fileRef = 75607D5A62BE4357A21AB0CA /* SearchViewControllerTests.swift */; };
                556677C3795D4C54A3222B69 /* Info.plist in Resources */ = {isa = PBXBuildFile; fileRef = 329DA9C40DE444EDA7991E76 /* Info.plist */; };
/* End PBXBuildFile section */

/* Begin PBXContainerItemProxy section */
		221D8B7820E684D00081C5C6 /* PBXContainerItemProxy */ = {
			isa = PBXContainerItemProxy;
			containerPortal = 225A02922053D8FA00808BB1 /* Pods.xcodeproj */;
			proxyType = 2;
			remoteGlobalIDString = 748D3B1A5F5630824302DCD7DE21E0DC;
			remoteInfo = FirebaseAuth;
		};
		221D8B7A20E684D00081C5C6 /* PBXContainerItemProxy */ = {
			isa = PBXContainerItemProxy;
			containerPortal = 225A02922053D8FA00808BB1 /* Pods.xcodeproj */;
			proxyType = 2;
			remoteGlobalIDString = EBE260E3AE03EF15D30C61E86ED7A211;
			remoteInfo = FirebaseCore;
		};
		221D8B7C20E684D00081C5C6 /* PBXContainerItemProxy */ = {
			isa = PBXContainerItemProxy;
			containerPortal = 225A02922053D8FA00808BB1 /* Pods.xcodeproj */;
			proxyType = 2;
			remoteGlobalIDString = A6A4FD45DB51CEA37D3511C3409BB5BA;
			remoteInfo = FirebaseFirestore;
		};
		221D8B7E20E684D00081C5C6 /* PBXContainerItemProxy */ = {
			isa = PBXContainerItemProxy;
			containerPortal = 225A02922053D8FA00808BB1 /* Pods.xcodeproj */;
			proxyType = 2;
			remoteGlobalIDString = 2438DA994B18AF9C9FA2E8C71C06B81A;
			remoteInfo = FirebaseStorage;
		};
		221D8B8020E684D00081C5C6 /* PBXContainerItemProxy */ = {
			isa = PBXContainerItemProxy;
			containerPortal = 225A02922053D8FA00808BB1 /* Pods.xcodeproj */;
			proxyType = 2;
			remoteGlobalIDString = 9E2A7BDA323E80C243D8137459947C27;
			remoteInfo = FirebaseUI;
		};
		225A02B12053D8FC00808BB1 /* PBXContainerItemProxy */ = {
			isa = PBXContainerItemProxy;
			containerPortal = 225A02922053D8FA00808BB1 /* Pods.xcodeproj */;
			proxyType = 2;
			remoteGlobalIDString = 1ACE884029CF0F130256EF395D314FA7;
			remoteInfo = Bolts;
		};
		225A02B32053D8FC00808BB1 /* PBXContainerItemProxy */ = {
			isa = PBXContainerItemProxy;
			containerPortal = 225A02922053D8FA00808BB1 /* Pods.xcodeproj */;
			proxyType = 2;
			remoteGlobalIDString = 3CAF0A940D89E69C93CBA8D56F7D46A6;
			remoteInfo = BoringSSL;
		};
		225A02B52053D8FC00808BB1 /* PBXContainerItemProxy */ = {
			isa = PBXContainerItemProxy;
			containerPortal = 225A02922053D8FA00808BB1 /* Pods.xcodeproj */;
			proxyType = 2;
			remoteGlobalIDString = F59C38302DE871E2F0D8E6A854B40B62;
			remoteInfo = FBSDKCoreKit;
		};
		225A02B72053D8FC00808BB1 /* PBXContainerItemProxy */ = {
			isa = PBXContainerItemProxy;
			containerPortal = 225A02922053D8FA00808BB1 /* Pods.xcodeproj */;
			proxyType = 2;
			remoteGlobalIDString = 19326554501372928040D718A0E0FB3B;
			remoteInfo = FBSDKLoginKit;
		};
		225A02B92053D8FC00808BB1 /* PBXContainerItemProxy */ = {
			isa = PBXContainerItemProxy;
			containerPortal = 225A02922053D8FA00808BB1 /* Pods.xcodeproj */;
			proxyType = 2;
			remoteGlobalIDString = 7A9B0C7F807DA5CAEB8E2D8BCBC0F320;
			remoteInfo = "FirebaseUI-FirebaseAuthUI";
		};
		225A02BB2053D8FC00808BB1 /* PBXContainerItemProxy */ = {
			isa = PBXContainerItemProxy;
			containerPortal = 225A02922053D8FA00808BB1 /* Pods.xcodeproj */;
			proxyType = 2;
			remoteGlobalIDString = 72A06C78C51F85F3F8AD884FEF6AEF0B;
			remoteInfo = "FirebaseUI-FirebaseFacebookAuthUI";
		};
		225A02BD2053D8FC00808BB1 /* PBXContainerItemProxy */ = {
			isa = PBXContainerItemProxy;
			containerPortal = 225A02922053D8FA00808BB1 /* Pods.xcodeproj */;
			proxyType = 2;
			remoteGlobalIDString = 8DD630341A75CCD99CCA1892C116D01D;
			remoteInfo = "FirebaseUI-FirebaseGoogleAuthUI";
		};
		225A02BF2053D8FC00808BB1 /* PBXContainerItemProxy */ = {
			isa = PBXContainerItemProxy;
			containerPortal = 225A02922053D8FA00808BB1 /* Pods.xcodeproj */;
			proxyType = 2;
			remoteGlobalIDString = 325358F6C146507EB8200612E080AC09;
			remoteInfo = "FirebaseUI-FirebaseTwitterAuthUI";
		};
		225A02C12053D8FC00808BB1 /* PBXContainerItemProxy */ = {
			isa = PBXContainerItemProxy;
			containerPortal = 225A02922053D8FA00808BB1 /* Pods.xcodeproj */;
			proxyType = 2;
			remoteGlobalIDString = D0EDA351600155336F500AA6DF79D66E;
			remoteInfo = GoogleToolboxForMac;
		};
		225A02C32053D8FC00808BB1 /* PBXContainerItemProxy */ = {
			isa = PBXContainerItemProxy;
			containerPortal = 225A02922053D8FA00808BB1 /* Pods.xcodeproj */;
			proxyType = 2;
			remoteGlobalIDString = 9343C21C0956E09B6F178A4637D7DB7D;
			remoteInfo = gRPC;
		};
		225A02C52053D8FC00808BB1 /* PBXContainerItemProxy */ = {
			isa = PBXContainerItemProxy;
			containerPortal = 225A02922053D8FA00808BB1 /* Pods.xcodeproj */;
			proxyType = 2;
			remoteGlobalIDString = 50D9FCE3663686647AC3411FDFDD1F62;
			remoteInfo = "gRPC-Core";
		};
		225A02C72053D8FC00808BB1 /* PBXContainerItemProxy */ = {
			isa = PBXContainerItemProxy;
			containerPortal = 225A02922053D8FA00808BB1 /* Pods.xcodeproj */;
			proxyType = 2;
			remoteGlobalIDString = 3E3557BFEB15077D4230F60F721AAEB5;
			remoteInfo = "gRPC-gRPCCertificates";
		};
		225A02C92053D8FC00808BB1 /* PBXContainerItemProxy */ = {
			isa = PBXContainerItemProxy;
			containerPortal = 225A02922053D8FA00808BB1 /* Pods.xcodeproj */;
			proxyType = 2;
			remoteGlobalIDString = B37BD9335F6CFE4999069DFD8507D9B7;
			remoteInfo = "gRPC-ProtoRPC";
		};
		225A02CB2053D8FC00808BB1 /* PBXContainerItemProxy */ = {
			isa = PBXContainerItemProxy;
			containerPortal = 225A02922053D8FA00808BB1 /* Pods.xcodeproj */;
			proxyType = 2;
			remoteGlobalIDString = C4DF7BB3FC43C41B02E6DDDA5F298E6C;
			remoteInfo = "gRPC-RxLibrary";
		};
		225A02CD2053D8FC00808BB1 /* PBXContainerItemProxy */ = {
			isa = PBXContainerItemProxy;
			containerPortal = 225A02922053D8FA00808BB1 /* Pods.xcodeproj */;
			proxyType = 2;
			remoteGlobalIDString = 738D97EB003761F44472F0C51D5DDBE7;
			remoteInfo = GTMOAuth2;
		};
		225A02CF2053D8FC00808BB1 /* PBXContainerItemProxy */ = {
			isa = PBXContainerItemProxy;
			containerPortal = 225A02922053D8FA00808BB1 /* Pods.xcodeproj */;
			proxyType = 2;
			remoteGlobalIDString = 1548C43DFA4BD0BD263240A817BC7830;
			remoteInfo = GTMSessionFetcher;
		};
		225A02D12053D8FC00808BB1 /* PBXContainerItemProxy */ = {
			isa = PBXContainerItemProxy;
			containerPortal = 225A02922053D8FA00808BB1 /* Pods.xcodeproj */;
			proxyType = 2;
			remoteGlobalIDString = D939EA9375446596F40583DB2D81E230;
			remoteInfo = "leveldb-library";
		};
		225A02D32053D8FC00808BB1 /* PBXContainerItemProxy */ = {
			isa = PBXContainerItemProxy;
			containerPortal = 225A02922053D8FA00808BB1 /* Pods.xcodeproj */;
			proxyType = 2;
			remoteGlobalIDString = CC96968F93AB59E4AA19BE5BB1A7CFFA;
			remoteInfo = MaterialComponents;
		};
		225A02E32053D8FC00808BB1 /* PBXContainerItemProxy */ = {
			isa = PBXContainerItemProxy;
			containerPortal = 225A02922053D8FA00808BB1 /* Pods.xcodeproj */;
			proxyType = 2;
			remoteGlobalIDString = 981E4C225FEF0DC7A7970119FB5B1873;
			remoteInfo = nanopb;
		};
		225A02E52053D8FC00808BB1 /* PBXContainerItemProxy */ = {
			isa = PBXContainerItemProxy;
			containerPortal = 225A02922053D8FA00808BB1 /* Pods.xcodeproj */;
			proxyType = 2;
			remoteGlobalIDString = F4D424D2030319CE9654D8B9BB69B021;
			remoteInfo = "Pods-LunchFree";
		};
		225A02E72053D8FC00808BB1 /* PBXContainerItemProxy */ = {
			isa = PBXContainerItemProxy;
			containerPortal = 225A02922053D8FA00808BB1 /* Pods.xcodeproj */;
			proxyType = 2;
			remoteGlobalIDString = 096FA759B7A4D3FACD5C24BAFA93FA34;
			remoteInfo = Protobuf;
		};
/* End PBXContainerItemProxy section */

/* Begin PBXFileReference section */
		22012D991F5AF92E00FE9214 /* LunchCalendarTableViewCell.swift */ = {isa = PBXFileReference; fileEncoding = 4; lastKnownFileType = sourcecode.swift; path = LunchCalendarTableViewCell.swift; sourceTree = "<group>"; };
		221898B51F3440DC00A89F91 /* UserProfilePicTableViewCell.swift */ = {isa = PBXFileReference; fileEncoding = 4; lastKnownFileType = sourcecode.swift; path = UserProfilePicTableViewCell.swift; sourceTree = "<group>"; };
		221898B61F3440DC00A89F91 /* UserProfilePicTableViewCell.xib */ = {isa = PBXFileReference; fileEncoding = 4; lastKnownFileType = file.xib; path = UserProfilePicTableViewCell.xib; sourceTree = "<group>"; };
		221898B91F34458400A89F91 /* UserProfileItemTableViewCell.swift */ = {isa = PBXFileReference; fileEncoding = 4; lastKnownFileType = sourcecode.swift; path = UserProfileItemTableViewCell.swift; sourceTree = "<group>"; };
		221898BA1F34458400A89F91 /* UserProfileItemTableViewCell.xib */ = {isa = PBXFileReference; fileEncoding = 4; lastKnownFileType = file.xib; path = UserProfileItemTableViewCell.xib; sourceTree = "<group>"; };
		221ADCA01F373CB60094884E /* OrderStatusViewController.swift */ = {isa = PBXFileReference; fileEncoding = 4; lastKnownFileType = sourcecode.swift; path = OrderStatusViewController.swift; sourceTree = "<group>"; };
		221ADCA91F385EB70094884E /* MapKit.framework */ = {isa = PBXFileReference; lastKnownFileType = wrapper.framework; name = MapKit.framework; path = System/Library/Frameworks/MapKit.framework; sourceTree = SDKROOT; };
		221ADCB51F3994300094884E /* profileSettingWithDetailCell.swift */ = {isa = PBXFileReference; fileEncoding = 4; lastKnownFileType = sourcecode.swift; path = profileSettingWithDetailCell.swift; sourceTree = "<group>"; };
		2229A17B20E913DE00A8A914 /* AllergyFoodViewController.swift */ = {isa = PBXFileReference; lastKnownFileType = sourcecode.swift; path = AllergyFoodViewController.swift; sourceTree = "<group>"; };
		222E30672053D1AE00CE2C42 /* MaterialComponents.framework */ = {isa = PBXFileReference; explicitFileType = wrapper.framework; path = MaterialComponents.framework; sourceTree = BUILT_PRODUCTS_DIR; };
		2241C4831F5D4D940021DDE2 /* LunchOptionCollectionViewCell.swift */ = {isa = PBXFileReference; fileEncoding = 4; lastKnownFileType = sourcecode.swift; path = LunchOptionCollectionViewCell.swift; sourceTree = "<group>"; };
		22433F831F55CDF4008FDA41 /* PastOrderViewController.swift */ = {isa = PBXFileReference; fileEncoding = 4; lastKnownFileType = sourcecode.swift; path = PastOrderViewController.swift; sourceTree = "<group>"; };
                2257603B1F335DC800875CDC /* LunchFree.app */ = {isa = PBXFileReference; explicitFileType = wrapper.application; includeInIndex = 0; path = LunchFree.app; sourceTree = BUILT_PRODUCTS_DIR; };
                A511C618483441EF94284333 /* LunchFreeTests.xctest */ = {isa = PBXFileReference; explicitFileType = wrapper.cfbundle; includeInIndex = 0; path = LunchFreeTests.xctest; sourceTree = BUILT_PRODUCTS_DIR; };
                2257603E1F335DC800875CDC /* AppDelegate.swift */ = {isa = PBXFileReference; lastKnownFileType = sourcecode.swift; path = AppDelegate.swift; sourceTree = "<group>"; };
		225760401F335DC800875CDC /* MealViewController.swift */ = {isa = PBXFileReference; lastKnownFileType = sourcecode.swift; path = MealViewController.swift; sourceTree = "<group>"; };
		225760421F335DC800875CDC /* SearchViewController.swift */ = {isa = PBXFileReference; lastKnownFileType = sourcecode.swift; path = SearchViewController.swift; sourceTree = "<group>"; };
		225760451F335DC800875CDC /* Base */ = {isa = PBXFileReference; lastKnownFileType = file.storyboard; name = Base; path = Base.lproj/Main.storyboard; sourceTree = "<group>"; };
		225760471F335DC800875CDC /* Assets.xcassets */ = {isa = PBXFileReference; lastKnownFileType = folder.assetcatalog; path = Assets.xcassets; sourceTree = "<group>"; };
		2257604C1F335DC800875CDC /* Info.plist */ = {isa = PBXFileReference; lastKnownFileType = text.plist.xml; path = Info.plist; sourceTree = "<group>"; };
		225760541F33641100875CDC /* UserSettingViewController.swift */ = {isa = PBXFileReference; fileEncoding = 4; lastKnownFileType = sourcecode.swift; path = UserSettingViewController.swift; sourceTree = "<group>"; };
		225760761F33682B00875CDC /* LaunchScreen.storyboard */ = {isa = PBXFileReference; fileEncoding = 4; lastKnownFileType = file.storyboard; path = LaunchScreen.storyboard; sourceTree = "<group>"; };
		225A02922053D8FA00808BB1 /* Pods.xcodeproj */ = {isa = PBXFileReference; lastKnownFileType = "wrapper.pb-project"; name = Pods.xcodeproj; path = Pods/Pods.xcodeproj; sourceTree = "<group>"; };
		2266691A20E59E3100DB6152 /* SearchResultTableViewCell.swift */ = {isa = PBXFileReference; lastKnownFileType = sourcecode.swift; path = SearchResultTableViewCell.swift; sourceTree = "<group>"; };
		226B5E311F78D357004E13A5 /* DataPickerCell.swift */ = {isa = PBXFileReference; fileEncoding = 4; lastKnownFileType = sourcecode.swift; path = DataPickerCell.swift; sourceTree = "<group>"; };
		227AE2F9201A34050002490E /* GoogleService-Info.plist */ = {isa = PBXFileReference; fileEncoding = 4; lastKnownFileType = text.plist.xml; path = "GoogleService-Info.plist"; sourceTree = "<group>"; };
		227AFC3B1F5D7AB300297D09 /* UIExtension.swift */ = {isa = PBXFileReference; fileEncoding = 4; lastKnownFileType = sourcecode.swift; path = UIExtension.swift; sourceTree = "<group>"; };
		227AFC411F5FF4B300297D09 /* NoUpcomingOrderViewController.swift */ = {isa = PBXFileReference; fileEncoding = 4; lastKnownFileType = sourcecode.swift; path = NoUpcomingOrderViewController.swift; sourceTree = "<group>"; };
		227AFC461F62C0B400297D09 /* ProfileEditingViewController.swift */ = {isa = PBXFileReference; fileEncoding = 4; lastKnownFileType = sourcecode.swift; path = ProfileEditingViewController.swift; sourceTree = "<group>"; };
		227AFC481F63D97C00297D09 /* ProfileEditingTableViewCell.swift */ = {isa = PBXFileReference; fileEncoding = 4; lastKnownFileType = sourcecode.swift; path = ProfileEditingTableViewCell.swift; sourceTree = "<group>"; };
		227AFC4A1F66DD1200297D09 /* DataSelectionCell.swift */ = {isa = PBXFileReference; fileEncoding = 4; lastKnownFileType = sourcecode.swift; path = DataSelectionCell.swift; sourceTree = "<group>"; };
		227C07BE1F80A44300660A21 /* ja */ = {isa = PBXFileReference; lastKnownFileType = text.plist.strings; name = ja; path = ja.lproj/Main.strings; sourceTree = "<group>"; };
		228CB2A71F9C8AA900203D16 /* FavFoodViewController.swift */ = {isa = PBXFileReference; lastKnownFileType = sourcecode.swift; path = FavFoodViewController.swift; sourceTree = "<group>"; };
		2295A6BB1F4ED48400447209 /* OrderViewController.swift */ = {isa = PBXFileReference; fileEncoding = 4; lastKnownFileType = sourcecode.swift; path = OrderViewController.swift; sourceTree = "<group>"; };
		229CABD21F5D74BA0075549E /* OrderMenuBar.swift */ = {isa = PBXFileReference; fileEncoding = 4; lastKnownFileType = sourcecode.swift; path = OrderMenuBar.swift; sourceTree = "<group>"; };
		22C59EB01F795B1A00912528 /* PlanTableViewController.swift */ = {isa = PBXFileReference; lastKnownFileType = sourcecode.swift; path = PlanTableViewController.swift; sourceTree = "<group>"; };
		92669C6E078100A9145BAF34 /* Pods-LunchFree.debug.xcconfig */ = {isa = PBXFileReference; includeInIndex = 1; lastKnownFileType = text.xcconfig; name = "Pods-LunchFree.debug.xcconfig"; path = "Pods/Target Support Files/Pods-LunchFree/Pods-LunchFree.debug.xcconfig"; sourceTree = "<group>"; };
		A1F2F7431FFB4DF025F28A8C /* Pods_LunchFree.framework */ = {isa = PBXFileReference; explicitFileType = wrapper.framework; includeInIndex = 0; path = Pods_LunchFree.framework; sourceTree = BUILT_PRODUCTS_DIR; };
                FB71A98B63E254F0210C9123 /* Pods-LunchFree.release.xcconfig */ = {isa = PBXFileReference; includeInIndex = 1; lastKnownFileType = text.xcconfig; name = "Pods-LunchFree.release.xcconfig"; path = "Pods/Target Support Files/Pods-LunchFree/Pods-LunchFree.release.xcconfig"; sourceTree = "<group>"; };
                75607D5A62BE4357A21AB0CA /* SearchViewControllerTests.swift */ = {isa = PBXFileReference; lastKnownFileType = sourcecode.swift; path = SearchViewControllerTests.swift; sourceTree = "<group>"; };
                329DA9C40DE444EDA7991E76 /* Info.plist */ = {isa = PBXFileReference; lastKnownFileType = text.plist.xml; path = Info.plist; sourceTree = "<group>"; };
/* End PBXFileReference section */

/* Begin PBXFrameworksBuildPhase section */
                225760381F335DC800875CDC /* Frameworks */ = {
                        isa = PBXFrameworksBuildPhase;
                        buildActionMask = 2147483647;
                        files = (
                                221ADCAA1F385EB70094884E /* MapKit.framework in Frameworks */,
                                5F17E0ADB1F9DF12119DE198 /* Pods_LunchFree.framework in Frameworks */,
                        );
                        runOnlyForDeploymentPostprocessing = 0;
                };
                FAA5C1C8E47E4C328AA021FA /* Frameworks */ = {
                        isa = PBXFrameworksBuildPhase;
                        buildActionMask = 2147483647;
                        files = (
                                221ADCAA1F385EB70094884E /* MapKit.framework in Frameworks */,
                                5F17E0ADB1F9DF12119DE198 /* Pods_LunchFree.framework in Frameworks */,
                        );
                        runOnlyForDeploymentPostprocessing = 0;
                };
/* End PBXFrameworksBuildPhase section */

/* Begin PBXGroup section */
		221ADCA81F385EB70094884E /* Frameworks */ = {
			isa = PBXGroup;
			children = (
				225A02922053D8FA00808BB1 /* Pods.xcodeproj */,
				222E30672053D1AE00CE2C42 /* MaterialComponents.framework */,
				221ADCA91F385EB70094884E /* MapKit.framework */,
				A1F2F7431FFB4DF025F28A8C /* Pods_LunchFree.framework */,
			);
			name = Frameworks;
			sourceTree = "<group>";
		};
		222C655720EA5775002C281D /* MealView */ = {
			isa = PBXGroup;
			children = (
				225760401F335DC800875CDC /* MealViewController.swift */,
				2241C4831F5D4D940021DDE2 /* LunchOptionCollectionViewCell.swift */,
			);
			path = MealView;
			sourceTree = "<group>";
		};
		222C655820EA57B0002C281D /* SearchView */ = {
			isa = PBXGroup;
			children = (
				2266691A20E59E3100DB6152 /* SearchResultTableViewCell.swift */,
				225760421F335DC800875CDC /* SearchViewController.swift */,
			);
			path = SearchView;
			sourceTree = "<group>";
		};
		222C655920EA57D0002C281D /* UserSettingView */ = {
			isa = PBXGroup;
			children = (
				225760541F33641100875CDC /* UserSettingViewController.swift */,
				222C656220EA5ADD002C281D /* UserSettingTableViewCells */,
				222C655A20EA57EE002C281D /* ProfileEditingView */,
				222C655E20EA591B002C281D /* FavFoodView */,
				222C655D20EA58DF002C281D /* AllergyFoodView */,
				222C655B20EA5854002C281D /* PlanEditingView */,
			);
			path = UserSettingView;
			sourceTree = "<group>";
		};
		222C655A20EA57EE002C281D /* ProfileEditingView */ = {
			isa = PBXGroup;
			children = (
				227AFC461F62C0B400297D09 /* ProfileEditingViewController.swift */,
				227AFC481F63D97C00297D09 /* ProfileEditingTableViewCell.swift */,
				226B5E311F78D357004E13A5 /* DataPickerCell.swift */,
				227AFC4A1F66DD1200297D09 /* DataSelectionCell.swift */,
			);
			name = ProfileEditingView;
			sourceTree = "<group>";
		};
		222C655B20EA5854002C281D /* PlanEditingView */ = {
			isa = PBXGroup;
			children = (
				22C59EB01F795B1A00912528 /* PlanTableViewController.swift */,
			);
			path = PlanEditingView;
			sourceTree = "<group>";
		};
		222C655D20EA58DF002C281D /* AllergyFoodView */ = {
			isa = PBXGroup;
			children = (
				2229A17B20E913DE00A8A914 /* AllergyFoodViewController.swift */,
			);
			path = AllergyFoodView;
			sourceTree = "<group>";
		};
		222C655E20EA591B002C281D /* FavFoodView */ = {
			isa = PBXGroup;
			children = (
				228CB2A71F9C8AA900203D16 /* FavFoodViewController.swift */,
			);
			path = FavFoodView;
			sourceTree = "<group>";
		};
		222C656020EA5979002C281D /* Supporting Files */ = {
			isa = PBXGroup;
			children = (
				227AE2F9201A34050002490E /* GoogleService-Info.plist */,
				2257603E1F335DC800875CDC /* AppDelegate.swift */,
				227AFC3B1F5D7AB300297D09 /* UIExtension.swift */,
				225760471F335DC800875CDC /* Assets.xcassets */,
				225760761F33682B00875CDC /* LaunchScreen.storyboard */,
			);
			path = "Supporting Files";
			sourceTree = "<group>";
		};
		222C656120EA5AA8002C281D /* OrderPagesView */ = {
			isa = PBXGroup;
			children = (
				2295A6BB1F4ED48400447209 /* OrderViewController.swift */,
				229CABD21F5D74BA0075549E /* OrderMenuBar.swift */,
				221ADCA01F373CB60094884E /* OrderStatusViewController.swift */,
				227AFC411F5FF4B300297D09 /* NoUpcomingOrderViewController.swift */,
				22433F831F55CDF4008FDA41 /* PastOrderViewController.swift */,
			);
			path = OrderPagesView;
			sourceTree = "<group>";
		};
                222C656220EA5ADD002C281D /* UserSettingTableViewCells */ = {
                        isa = PBXGroup;
                        children = (
                                22012D991F5AF92E00FE9214 /* LunchCalendarTableViewCell.swift */,
                                221898B51F3440DC00A89F91 /* UserProfilePicTableViewCell.swift */,
                                221898B61F3440DC00A89F91 /* UserProfilePicTableViewCell.xib */,
                                221898B91F34458400A89F91 /* UserProfileItemTableViewCell.swift */,
                                221898BA1F34458400A89F91 /* UserProfileItemTableViewCell.xib */,
                                221ADCB51F3994300094884E /* profileSettingWithDetailCell.swift */,
                        );
                        path = UserSettingTableViewCells;
                        sourceTree = "<group>";
                };
                A84EC1A47D924FD2AAD1D8F2 /* LunchFreeTests */ = {
                        isa = PBXGroup;
                        children = (
                                75607D5A62BE4357A21AB0CA /* SearchViewControllerTests.swift */,
                                329DA9C40DE444EDA7991E76 /* Info.plist */,
                        );
                        path = LunchFreeTests;
                        sourceTree = "<group>";
                };
                225760321F335DC800875CDC = {
                        isa = PBXGroup;
                        children = (
                                2257603D1F335DC800875CDC /* LunchFree */,
                                2257603C1F335DC800875CDC /* Products */,
                                221ADCA81F385EB70094884E /* Frameworks */,
                                954D154ED726A713C6AD5991 /* Pods */,
                                A84EC1A47D924FD2AAD1D8F2 /* LunchFreeTests */,
                        );
                        sourceTree = "<group>";
                };
                2257603C1F335DC800875CDC /* Products */ = {
                        isa = PBXGroup;
                        children = (
                                2257603B1F335DC800875CDC /* LunchFree.app */,
                                A511C618483441EF94284333 /* LunchFreeTests.xctest */,
                        );
                        name = Products;
                        sourceTree = "<group>";
                };
		2257603D1F335DC800875CDC /* LunchFree */ = {
			isa = PBXGroup;
			children = (
				222C655720EA5775002C281D /* MealView */,
				222C655820EA57B0002C281D /* SearchView */,
				222C656120EA5AA8002C281D /* OrderPagesView */,
				222C655920EA57D0002C281D /* UserSettingView */,
				225760441F335DC800875CDC /* Main.storyboard */,
				222C656020EA5979002C281D /* Supporting Files */,
				2257604C1F335DC800875CDC /* Info.plist */,
			);
			path = LunchFree;
			sourceTree = "<group>";
		};
		225A02932053D8FA00808BB1 /* Products */ = {
			isa = PBXGroup;
			children = (
				225A02B22053D8FC00808BB1 /* Bolts.framework */,
				225A02B42053D8FC00808BB1 /* openssl.framework */,
				225A02B62053D8FC00808BB1 /* FBSDKCoreKit.framework */,
				225A02B82053D8FC00808BB1 /* FBSDKLoginKit.framework */,
				221D8B7920E684D00081C5C6 /* FirebaseAuth.framework */,
				221D8B7B20E684D00081C5C6 /* FirebaseCore.framework */,
				221D8B7D20E684D00081C5C6 /* FirebaseFirestore.framework */,
				221D8B7F20E684D00081C5C6 /* FirebaseStorage.framework */,
				221D8B8120E684D00081C5C6 /* FirebaseUI.framework */,
				225A02BA2053D8FC00808BB1 /* FirebaseAuthUI.bundle */,
				225A02BC2053D8FC00808BB1 /* FirebaseFacebookAuthUI.bundle */,
				225A02BE2053D8FC00808BB1 /* FirebaseGoogleAuthUI.bundle */,
				225A02C02053D8FC00808BB1 /* FirebaseTwitterAuthUI.bundle */,
				225A02C22053D8FC00808BB1 /* GoogleToolboxForMac.framework */,
				225A02C42053D8FC00808BB1 /* GRPCClient.framework */,
				225A02C62053D8FC00808BB1 /* grpc.framework */,
				225A02C82053D8FC00808BB1 /* gRPCCertificates.bundle */,
				225A02CA2053D8FC00808BB1 /* ProtoRPC.framework */,
				225A02CC2053D8FC00808BB1 /* RxLibrary.framework */,
				225A02CE2053D8FC00808BB1 /* GTMOAuth2.framework */,
				225A02D02053D8FC00808BB1 /* GTMSessionFetcher.framework */,
				225A02D22053D8FC00808BB1 /* leveldb.framework */,
				225A02D42053D8FC00808BB1 /* MaterialComponents.framework */,
				225A02E42053D8FC00808BB1 /* nanopb.framework */,
				225A02E62053D8FC00808BB1 /* Pods_LunchFree.framework */,
				225A02E82053D8FC00808BB1 /* Protobuf.framework */,
			);
			name = Products;
			sourceTree = "<group>";
		};
		954D154ED726A713C6AD5991 /* Pods */ = {
			isa = PBXGroup;
			children = (
				92669C6E078100A9145BAF34 /* Pods-LunchFree.debug.xcconfig */,
				FB71A98B63E254F0210C9123 /* Pods-LunchFree.release.xcconfig */,
			);
			name = Pods;
			sourceTree = "<group>";
		};
/* End PBXGroup section */

/* Begin PBXNativeTarget section */
                2257603A1F335DC800875CDC /* LunchFree */ = {
                        isa = PBXNativeTarget;
                        buildConfigurationList = 2257604F1F335DC800875CDC /* Build configuration list for PBXNativeTarget "LunchFree" */;
                        buildPhases = (
                                7C4507118806ABEE7A764096 /* [CP] Check Pods Manifest.lock */,
                                225760371F335DC800875CDC /* Sources */,
                                225760381F335DC800875CDC /* Frameworks */,
                                225760391F335DC800875CDC /* Resources */,
                                3FDC616208955610B07C8F78 /* [CP] Embed Pods Frameworks */,
                                3D00864E2F3F46C0E5E1DBD3 /* [CP] Copy Pods Resources */,
                        );
                        buildRules = (
                        );
                        dependencies = (
                        );
                        name = LunchFree;
                        productName = LunchFree;
                        productReference = 2257603B1F335DC800875CDC /* LunchFree.app */;
                        productType = "com.apple.product-type.application";
                };
                5041989F37FA4A339882591B /* LunchFreeTests */ = {
                        isa = PBXNativeTarget;
                        buildConfigurationList = 07AD97E5189948A7BE1730A4 /* Build configuration list for PBXNativeTarget "LunchFreeTests" */;
                        buildPhases = (
                                3AFC0484C06741B6B8C1C47D /* Sources */,
                                FAA5C1C8E47E4C328AA021FA /* Frameworks */,
                                A1FF649D1C7349B9861148DE /* Resources */,
                        );
                        buildRules = (
                        );
                        dependencies = (
                        );
                        name = LunchFreeTests;
                        productName = LunchFreeTests;
                        productReference = A511C618483441EF94284333 /* LunchFreeTests.xctest */;
                        productType = "com.apple.product-type.bundle.unit-test";
                };
/* End PBXNativeTarget section */

/* Begin PBXProject section */
		225760331F335DC800875CDC /* Project object */ = {
			isa = PBXProject;
			attributes = {
				LastSwiftUpdateCheck = 0830;
				LastUpgradeCheck = 0940;
				ORGANIZATIONNAME = "Eddy Chan";
                                TargetAttributes = {
                                        2257603A1F335DC800875CDC = {
                                                CreatedOnToolsVersion = 8.3.3;
                                                LastSwiftMigration = 0900;
                                                ProvisioningStyle = Automatic;
                                                SystemCapabilities = {
                                                        com.apple.Maps.iOS = {
                                                                enabled = 1;
                                                        };
                                                };
                                        };
                                        5041989F37FA4A339882591B = {
                                                CreatedOnToolsVersion = 8.3.3;
                                                TestTargetID = 2257603A1F335DC800875CDC;
                                        };
                                };
			};
			buildConfigurationList = 225760361F335DC800875CDC /* Build configuration list for PBXProject "LunchFree" */;
			compatibilityVersion = "Xcode 3.2";
			developmentRegion = English;
			hasScannedForEncodings = 0;
			knownRegions = (
				en,
				Base,
			);
			mainGroup = 225760321F335DC800875CDC;
			productRefGroup = 2257603C1F335DC800875CDC /* Products */;
			projectDirPath = "";
			projectReferences = (
				{
					ProductGroup = 225A02932053D8FA00808BB1 /* Products */;
					ProjectRef = 225A02922053D8FA00808BB1 /* Pods.xcodeproj */;
				},
			);
			projectRoot = "";
                        targets = (
                                2257603A1F335DC800875CDC /* LunchFree */,
                                5041989F37FA4A339882591B /* LunchFreeTests */,
                        );
                };
/* End PBXProject section */

/* Begin PBXReferenceProxy section */
		221D8B7920E684D00081C5C6 /* FirebaseAuth.framework */ = {
			isa = PBXReferenceProxy;
			fileType = wrapper.framework;
			path = FirebaseAuth.framework;
			remoteRef = 221D8B7820E684D00081C5C6 /* PBXContainerItemProxy */;
			sourceTree = BUILT_PRODUCTS_DIR;
		};
		221D8B7B20E684D00081C5C6 /* FirebaseCore.framework */ = {
			isa = PBXReferenceProxy;
			fileType = wrapper.framework;
			path = FirebaseCore.framework;
			remoteRef = 221D8B7A20E684D00081C5C6 /* PBXContainerItemProxy */;
			sourceTree = BUILT_PRODUCTS_DIR;
		};
		221D8B7D20E684D00081C5C6 /* FirebaseFirestore.framework */ = {
			isa = PBXReferenceProxy;
			fileType = wrapper.framework;
			path = FirebaseFirestore.framework;
			remoteRef = 221D8B7C20E684D00081C5C6 /* PBXContainerItemProxy */;
			sourceTree = BUILT_PRODUCTS_DIR;
		};
		221D8B7F20E684D00081C5C6 /* FirebaseStorage.framework */ = {
			isa = PBXReferenceProxy;
			fileType = wrapper.framework;
			path = FirebaseStorage.framework;
			remoteRef = 221D8B7E20E684D00081C5C6 /* PBXContainerItemProxy */;
			sourceTree = BUILT_PRODUCTS_DIR;
		};
		221D8B8120E684D00081C5C6 /* FirebaseUI.framework */ = {
			isa = PBXReferenceProxy;
			fileType = wrapper.framework;
			path = FirebaseUI.framework;
			remoteRef = 221D8B8020E684D00081C5C6 /* PBXContainerItemProxy */;
			sourceTree = BUILT_PRODUCTS_DIR;
		};
		225A02B22053D8FC00808BB1 /* Bolts.framework */ = {
			isa = PBXReferenceProxy;
			fileType = wrapper.framework;
			path = Bolts.framework;
			remoteRef = 225A02B12053D8FC00808BB1 /* PBXContainerItemProxy */;
			sourceTree = BUILT_PRODUCTS_DIR;
		};
		225A02B42053D8FC00808BB1 /* openssl.framework */ = {
			isa = PBXReferenceProxy;
			fileType = wrapper.framework;
			path = openssl.framework;
			remoteRef = 225A02B32053D8FC00808BB1 /* PBXContainerItemProxy */;
			sourceTree = BUILT_PRODUCTS_DIR;
		};
		225A02B62053D8FC00808BB1 /* FBSDKCoreKit.framework */ = {
			isa = PBXReferenceProxy;
			fileType = wrapper.framework;
			path = FBSDKCoreKit.framework;
			remoteRef = 225A02B52053D8FC00808BB1 /* PBXContainerItemProxy */;
			sourceTree = BUILT_PRODUCTS_DIR;
		};
		225A02B82053D8FC00808BB1 /* FBSDKLoginKit.framework */ = {
			isa = PBXReferenceProxy;
			fileType = wrapper.framework;
			path = FBSDKLoginKit.framework;
			remoteRef = 225A02B72053D8FC00808BB1 /* PBXContainerItemProxy */;
			sourceTree = BUILT_PRODUCTS_DIR;
		};
		225A02BA2053D8FC00808BB1 /* FirebaseAuthUI.bundle */ = {
			isa = PBXReferenceProxy;
			fileType = wrapper.cfbundle;
			path = FirebaseAuthUI.bundle;
			remoteRef = 225A02B92053D8FC00808BB1 /* PBXContainerItemProxy */;
			sourceTree = BUILT_PRODUCTS_DIR;
		};
		225A02BC2053D8FC00808BB1 /* FirebaseFacebookAuthUI.bundle */ = {
			isa = PBXReferenceProxy;
			fileType = wrapper.cfbundle;
			path = FirebaseFacebookAuthUI.bundle;
			remoteRef = 225A02BB2053D8FC00808BB1 /* PBXContainerItemProxy */;
			sourceTree = BUILT_PRODUCTS_DIR;
		};
		225A02BE2053D8FC00808BB1 /* FirebaseGoogleAuthUI.bundle */ = {
			isa = PBXReferenceProxy;
			fileType = wrapper.cfbundle;
			path = FirebaseGoogleAuthUI.bundle;
			remoteRef = 225A02BD2053D8FC00808BB1 /* PBXContainerItemProxy */;
			sourceTree = BUILT_PRODUCTS_DIR;
		};
		225A02C02053D8FC00808BB1 /* FirebaseTwitterAuthUI.bundle */ = {
			isa = PBXReferenceProxy;
			fileType = wrapper.cfbundle;
			path = FirebaseTwitterAuthUI.bundle;
			remoteRef = 225A02BF2053D8FC00808BB1 /* PBXContainerItemProxy */;
			sourceTree = BUILT_PRODUCTS_DIR;
		};
		225A02C22053D8FC00808BB1 /* GoogleToolboxForMac.framework */ = {
			isa = PBXReferenceProxy;
			fileType = wrapper.framework;
			path = GoogleToolboxForMac.framework;
			remoteRef = 225A02C12053D8FC00808BB1 /* PBXContainerItemProxy */;
			sourceTree = BUILT_PRODUCTS_DIR;
		};
		225A02C42053D8FC00808BB1 /* GRPCClient.framework */ = {
			isa = PBXReferenceProxy;
			fileType = wrapper.framework;
			path = GRPCClient.framework;
			remoteRef = 225A02C32053D8FC00808BB1 /* PBXContainerItemProxy */;
			sourceTree = BUILT_PRODUCTS_DIR;
		};
		225A02C62053D8FC00808BB1 /* grpc.framework */ = {
			isa = PBXReferenceProxy;
			fileType = wrapper.framework;
			path = grpc.framework;
			remoteRef = 225A02C52053D8FC00808BB1 /* PBXContainerItemProxy */;
			sourceTree = BUILT_PRODUCTS_DIR;
		};
		225A02C82053D8FC00808BB1 /* gRPCCertificates.bundle */ = {
			isa = PBXReferenceProxy;
			fileType = wrapper.cfbundle;
			path = gRPCCertificates.bundle;
			remoteRef = 225A02C72053D8FC00808BB1 /* PBXContainerItemProxy */;
			sourceTree = BUILT_PRODUCTS_DIR;
		};
		225A02CA2053D8FC00808BB1 /* ProtoRPC.framework */ = {
			isa = PBXReferenceProxy;
			fileType = wrapper.framework;
			path = ProtoRPC.framework;
			remoteRef = 225A02C92053D8FC00808BB1 /* PBXContainerItemProxy */;
			sourceTree = BUILT_PRODUCTS_DIR;
		};
		225A02CC2053D8FC00808BB1 /* RxLibrary.framework */ = {
			isa = PBXReferenceProxy;
			fileType = wrapper.framework;
			path = RxLibrary.framework;
			remoteRef = 225A02CB2053D8FC00808BB1 /* PBXContainerItemProxy */;
			sourceTree = BUILT_PRODUCTS_DIR;
		};
		225A02CE2053D8FC00808BB1 /* GTMOAuth2.framework */ = {
			isa = PBXReferenceProxy;
			fileType = wrapper.framework;
			path = GTMOAuth2.framework;
			remoteRef = 225A02CD2053D8FC00808BB1 /* PBXContainerItemProxy */;
			sourceTree = BUILT_PRODUCTS_DIR;
		};
		225A02D02053D8FC00808BB1 /* GTMSessionFetcher.framework */ = {
			isa = PBXReferenceProxy;
			fileType = wrapper.framework;
			path = GTMSessionFetcher.framework;
			remoteRef = 225A02CF2053D8FC00808BB1 /* PBXContainerItemProxy */;
			sourceTree = BUILT_PRODUCTS_DIR;
		};
		225A02D22053D8FC00808BB1 /* leveldb.framework */ = {
			isa = PBXReferenceProxy;
			fileType = wrapper.framework;
			path = leveldb.framework;
			remoteRef = 225A02D12053D8FC00808BB1 /* PBXContainerItemProxy */;
			sourceTree = BUILT_PRODUCTS_DIR;
		};
		225A02D42053D8FC00808BB1 /* MaterialComponents.framework */ = {
			isa = PBXReferenceProxy;
			fileType = wrapper.framework;
			path = MaterialComponents.framework;
			remoteRef = 225A02D32053D8FC00808BB1 /* PBXContainerItemProxy */;
			sourceTree = BUILT_PRODUCTS_DIR;
		};
		225A02E42053D8FC00808BB1 /* nanopb.framework */ = {
			isa = PBXReferenceProxy;
			fileType = wrapper.framework;
			path = nanopb.framework;
			remoteRef = 225A02E32053D8FC00808BB1 /* PBXContainerItemProxy */;
			sourceTree = BUILT_PRODUCTS_DIR;
		};
		225A02E62053D8FC00808BB1 /* Pods_LunchFree.framework */ = {
			isa = PBXReferenceProxy;
			fileType = wrapper.framework;
			path = Pods_LunchFree.framework;
			remoteRef = 225A02E52053D8FC00808BB1 /* PBXContainerItemProxy */;
			sourceTree = BUILT_PRODUCTS_DIR;
		};
		225A02E82053D8FC00808BB1 /* Protobuf.framework */ = {
			isa = PBXReferenceProxy;
			fileType = wrapper.framework;
			path = Protobuf.framework;
			remoteRef = 225A02E72053D8FC00808BB1 /* PBXContainerItemProxy */;
			sourceTree = BUILT_PRODUCTS_DIR;
		};
/* End PBXReferenceProxy section */

/* Begin PBXResourcesBuildPhase section */
                225760391F335DC800875CDC /* Resources */ = {
                        isa = PBXResourcesBuildPhase;
                        buildActionMask = 2147483647;
                        files = (
                                221898BC1F34458400A89F91 /* UserProfileItemTableViewCell.xib in Resources */,
                                225760771F33682B00875CDC /* LaunchScreen.storyboard in Resources */,
                                225760481F335DC800875CDC /* Assets.xcassets in Resources */,
                                225760461F335DC800875CDC /* Main.storyboard in Resources */,
                                221898B81F3440DC00A89F91 /* UserProfilePicTableViewCell.xib in Resources */,
                                227AE2FA201A34050002490E /* GoogleService-Info.plist in Resources */,
                        );
                        runOnlyForDeploymentPostprocessing = 0;
                };
                A1FF649D1C7349B9861148DE /* Resources */ = {
                        isa = PBXResourcesBuildPhase;
                        buildActionMask = 2147483647;
                        files = (
                                556677C3795D4C54A3222B69 /* Info.plist in Resources */,
                        );
                        runOnlyForDeploymentPostprocessing = 0;
                };
/* End PBXResourcesBuildPhase section */

/* Begin PBXShellScriptBuildPhase section */
		3D00864E2F3F46C0E5E1DBD3 /* [CP] Copy Pods Resources */ = {
			isa = PBXShellScriptBuildPhase;
			buildActionMask = 2147483647;
			files = (
			);
			inputPaths = (
				"${SRCROOT}/Pods/Target Support Files/Pods-LunchFree/Pods-LunchFree-resources.sh",
				"${PODS_CONFIGURATION_BUILD_DIR}/FirebaseUI/FirebaseAuthUI.bundle",
				"${PODS_CONFIGURATION_BUILD_DIR}/FirebaseUI/FirebaseFacebookAuthUI.bundle",
				"${PODS_CONFIGURATION_BUILD_DIR}/FirebaseUI/FirebaseGoogleAuthUI.bundle",
				"${PODS_CONFIGURATION_BUILD_DIR}/FirebaseUI/FirebaseTwitterAuthUI.bundle",
				"${PODS_ROOT}/GoogleSignIn/Resources/GoogleSignIn.bundle",
				"${PODS_ROOT}/TwitterKit/iOS/TwitterKit.framework/TwitterKitResources.bundle",
				"${PODS_ROOT}/TwitterKit/iOS/TwitterKit.framework/TwitterShareExtensionUIResources.bundle",
			);
			name = "[CP] Copy Pods Resources";
			outputPaths = (
				"${TARGET_BUILD_DIR}/${UNLOCALIZED_RESOURCES_FOLDER_PATH}/FirebaseAuthUI.bundle",
				"${TARGET_BUILD_DIR}/${UNLOCALIZED_RESOURCES_FOLDER_PATH}/FirebaseFacebookAuthUI.bundle",
				"${TARGET_BUILD_DIR}/${UNLOCALIZED_RESOURCES_FOLDER_PATH}/FirebaseGoogleAuthUI.bundle",
				"${TARGET_BUILD_DIR}/${UNLOCALIZED_RESOURCES_FOLDER_PATH}/FirebaseTwitterAuthUI.bundle",
				"${TARGET_BUILD_DIR}/${UNLOCALIZED_RESOURCES_FOLDER_PATH}/GoogleSignIn.bundle",
				"${TARGET_BUILD_DIR}/${UNLOCALIZED_RESOURCES_FOLDER_PATH}/TwitterKitResources.bundle",
				"${TARGET_BUILD_DIR}/${UNLOCALIZED_RESOURCES_FOLDER_PATH}/TwitterShareExtensionUIResources.bundle",
			);
			runOnlyForDeploymentPostprocessing = 0;
			shellPath = /bin/sh;
			shellScript = "\"${SRCROOT}/Pods/Target Support Files/Pods-LunchFree/Pods-LunchFree-resources.sh\"\n";
			showEnvVarsInLog = 0;
		};
		3FDC616208955610B07C8F78 /* [CP] Embed Pods Frameworks */ = {
			isa = PBXShellScriptBuildPhase;
			buildActionMask = 2147483647;
			files = (
			);
			inputPaths = (
				"${SRCROOT}/Pods/Target Support Files/Pods-LunchFree/Pods-LunchFree-frameworks.sh",
				"${BUILT_PRODUCTS_DIR}/Bolts/Bolts.framework",
				"${BUILT_PRODUCTS_DIR}/BoringSSL/openssl.framework",
				"${BUILT_PRODUCTS_DIR}/FBSDKCoreKit/FBSDKCoreKit.framework",
				"${BUILT_PRODUCTS_DIR}/FBSDKLoginKit/FBSDKLoginKit.framework",
				"${BUILT_PRODUCTS_DIR}/GTMOAuth2/GTMOAuth2.framework",
				"${BUILT_PRODUCTS_DIR}/GTMSessionFetcher/GTMSessionFetcher.framework",
				"${BUILT_PRODUCTS_DIR}/GoogleToolboxForMac/GoogleToolboxForMac.framework",
				"${BUILT_PRODUCTS_DIR}/MaterialComponents/MaterialComponents.framework",
				"${BUILT_PRODUCTS_DIR}/Protobuf/Protobuf.framework",
				"${PODS_ROOT}/TwitterCore/iOS/TwitterCore.framework",
				"${PODS_ROOT}/TwitterKit/iOS/TwitterKit.framework",
				"${BUILT_PRODUCTS_DIR}/gRPC/GRPCClient.framework",
				"${BUILT_PRODUCTS_DIR}/gRPC-Core/grpc.framework",
				"${BUILT_PRODUCTS_DIR}/gRPC-ProtoRPC/ProtoRPC.framework",
				"${BUILT_PRODUCTS_DIR}/gRPC-RxLibrary/RxLibrary.framework",
				"${BUILT_PRODUCTS_DIR}/leveldb-library/leveldb.framework",
				"${BUILT_PRODUCTS_DIR}/nanopb/nanopb.framework",
			);
			name = "[CP] Embed Pods Frameworks";
			outputPaths = (
				"${TARGET_BUILD_DIR}/${FRAMEWORKS_FOLDER_PATH}/Bolts.framework",
				"${TARGET_BUILD_DIR}/${FRAMEWORKS_FOLDER_PATH}/openssl.framework",
				"${TARGET_BUILD_DIR}/${FRAMEWORKS_FOLDER_PATH}/FBSDKCoreKit.framework",
				"${TARGET_BUILD_DIR}/${FRAMEWORKS_FOLDER_PATH}/FBSDKLoginKit.framework",
				"${TARGET_BUILD_DIR}/${FRAMEWORKS_FOLDER_PATH}/GTMOAuth2.framework",
				"${TARGET_BUILD_DIR}/${FRAMEWORKS_FOLDER_PATH}/GTMSessionFetcher.framework",
				"${TARGET_BUILD_DIR}/${FRAMEWORKS_FOLDER_PATH}/GoogleToolboxForMac.framework",
				"${TARGET_BUILD_DIR}/${FRAMEWORKS_FOLDER_PATH}/MaterialComponents.framework",
				"${TARGET_BUILD_DIR}/${FRAMEWORKS_FOLDER_PATH}/Protobuf.framework",
				"${TARGET_BUILD_DIR}/${FRAMEWORKS_FOLDER_PATH}/TwitterCore.framework",
				"${TARGET_BUILD_DIR}/${FRAMEWORKS_FOLDER_PATH}/TwitterKit.framework",
				"${TARGET_BUILD_DIR}/${FRAMEWORKS_FOLDER_PATH}/GRPCClient.framework",
				"${TARGET_BUILD_DIR}/${FRAMEWORKS_FOLDER_PATH}/grpc.framework",
				"${TARGET_BUILD_DIR}/${FRAMEWORKS_FOLDER_PATH}/ProtoRPC.framework",
				"${TARGET_BUILD_DIR}/${FRAMEWORKS_FOLDER_PATH}/RxLibrary.framework",
				"${TARGET_BUILD_DIR}/${FRAMEWORKS_FOLDER_PATH}/leveldb.framework",
				"${TARGET_BUILD_DIR}/${FRAMEWORKS_FOLDER_PATH}/nanopb.framework",
			);
			runOnlyForDeploymentPostprocessing = 0;
			shellPath = /bin/sh;
			shellScript = "\"${SRCROOT}/Pods/Target Support Files/Pods-LunchFree/Pods-LunchFree-frameworks.sh\"\n";
			showEnvVarsInLog = 0;
		};
		7C4507118806ABEE7A764096 /* [CP] Check Pods Manifest.lock */ = {
			isa = PBXShellScriptBuildPhase;
			buildActionMask = 2147483647;
			files = (
			);
			inputPaths = (
				"${PODS_PODFILE_DIR_PATH}/Podfile.lock",
				"${PODS_ROOT}/Manifest.lock",
			);
			name = "[CP] Check Pods Manifest.lock";
			outputPaths = (
				"$(DERIVED_FILE_DIR)/Pods-LunchFree-checkManifestLockResult.txt",
			);
			runOnlyForDeploymentPostprocessing = 0;
			shellPath = /bin/sh;
			shellScript = "diff \"${PODS_PODFILE_DIR_PATH}/Podfile.lock\" \"${PODS_ROOT}/Manifest.lock\" > /dev/null\nif [ $? != 0 ] ; then\n    # print error to STDERR\n    echo \"error: The sandbox is not in sync with the Podfile.lock. Run 'pod install' or update your CocoaPods installation.\" >&2\n    exit 1\nfi\n# This output is used by Xcode 'outputs' to avoid re-running this script phase.\necho \"SUCCESS\" > \"${SCRIPT_OUTPUT_FILE_0}\"\n";
			showEnvVarsInLog = 0;
		};
/* End PBXShellScriptBuildPhase section */

/* Begin PBXSourcesBuildPhase section */
                225760371F335DC800875CDC /* Sources */ = {
                        isa = PBXSourcesBuildPhase;
                        buildActionMask = 2147483647;
                        files = (
				227AFC471F62C0B400297D09 /* ProfileEditingViewController.swift in Sources */,
				2241C4841F5D4D940021DDE2 /* LunchOptionCollectionViewCell.swift in Sources */,
				225760431F335DC800875CDC /* SearchViewController.swift in Sources */,
				221898B71F3440DC00A89F91 /* UserProfilePicTableViewCell.swift in Sources */,
				221ADCB71F3994300094884E /* profileSettingWithDetailCell.swift in Sources */,
				22012D9A1F5AF92E00FE9214 /* LunchCalendarTableViewCell.swift in Sources */,
				227AFC491F63D97C00297D09 /* ProfileEditingTableViewCell.swift in Sources */,
				22C59EB11F795B1A00912528 /* PlanTableViewController.swift in Sources */,
				227AFC4B1F66DD1200297D09 /* DataSelectionCell.swift in Sources */,
				227AFC3C1F5D7AB300297D09 /* UIExtension.swift in Sources */,
				2257603F1F335DC800875CDC /* AppDelegate.swift in Sources */,
				2266691C20E59E3100DB6152 /* SearchResultTableViewCell.swift in Sources */,
				226B5E321F78D357004E13A5 /* DataPickerCell.swift in Sources */,
				227AFC421F5FF4B300297D09 /* NoUpcomingOrderViewController.swift in Sources */,
				221898BB1F34458400A89F91 /* UserProfileItemTableViewCell.swift in Sources */,
				221ADCA11F373CB60094884E /* OrderStatusViewController.swift in Sources */,
				2229A17C20E913DE00A8A914 /* AllergyFoodViewController.swift in Sources */,
				229CABD31F5D74BA0075549E /* OrderMenuBar.swift in Sources */,
				22433F841F55CDF4008FDA41 /* PastOrderViewController.swift in Sources */,
				228CB2A81F9C8AA900203D16 /* FavFoodViewController.swift in Sources */,
				225760551F33641100875CDC /* UserSettingViewController.swift in Sources */,
				225760411F335DC800875CDC /* MealViewController.swift in Sources */,
				2295A6BC1F4ED48400447209 /* OrderViewController.swift in Sources */,
			);
			runOnlyForDeploymentPostprocessing = 0;
                };
                3AFC0484C06741B6B8C1C47D /* Sources */ = {
                        isa = PBXSourcesBuildPhase;
                        buildActionMask = 2147483647;
                        files = (
                                9351E94A00D64F8CB605B785 /* SearchViewControllerTests.swift in Sources */,
                        );
                        runOnlyForDeploymentPostprocessing = 0;
                };
/* End PBXSourcesBuildPhase section */

/* Begin PBXVariantGroup section */
		225760441F335DC800875CDC /* Main.storyboard */ = {
			isa = PBXVariantGroup;
			children = (
				225760451F335DC800875CDC /* Base */,
				227C07BE1F80A44300660A21 /* ja */,
			);
			name = Main.storyboard;
			sourceTree = "<group>";
		};
/* End PBXVariantGroup section */

/* Begin XCBuildConfiguration section */
		2257604D1F335DC800875CDC /* Debug */ = {
			isa = XCBuildConfiguration;
			buildSettings = {
				ALWAYS_SEARCH_USER_PATHS = NO;
				CLANG_ANALYZER_LOCALIZABILITY_NONLOCALIZED = YES;
				CLANG_ANALYZER_NONNULL = YES;
				CLANG_ANALYZER_NUMBER_OBJECT_CONVERSION = YES_AGGRESSIVE;
				CLANG_CXX_LANGUAGE_STANDARD = "gnu++0x";
				CLANG_CXX_LIBRARY = "libc++";
				CLANG_ENABLE_MODULES = YES;
				CLANG_ENABLE_OBJC_ARC = YES;
				CLANG_WARN_BLOCK_CAPTURE_AUTORELEASING = YES;
				CLANG_WARN_BOOL_CONVERSION = YES;
				CLANG_WARN_COMMA = YES;
				CLANG_WARN_CONSTANT_CONVERSION = YES;
				CLANG_WARN_DEPRECATED_OBJC_IMPLEMENTATIONS = YES;
				CLANG_WARN_DIRECT_OBJC_ISA_USAGE = YES_ERROR;
				CLANG_WARN_DOCUMENTATION_COMMENTS = YES;
				CLANG_WARN_EMPTY_BODY = YES;
				CLANG_WARN_ENUM_CONVERSION = YES;
				CLANG_WARN_INFINITE_RECURSION = YES;
				CLANG_WARN_INT_CONVERSION = YES;
				CLANG_WARN_NON_LITERAL_NULL_CONVERSION = YES;
				CLANG_WARN_OBJC_IMPLICIT_RETAIN_SELF = YES;
				CLANG_WARN_OBJC_LITERAL_CONVERSION = YES;
				CLANG_WARN_OBJC_ROOT_CLASS = YES_ERROR;
				CLANG_WARN_RANGE_LOOP_ANALYSIS = YES;
				CLANG_WARN_STRICT_PROTOTYPES = YES;
				CLANG_WARN_SUSPICIOUS_MOVE = YES;
				CLANG_WARN_UNREACHABLE_CODE = YES;
				CLANG_WARN__DUPLICATE_METHOD_MATCH = YES;
				"CODE_SIGN_IDENTITY[sdk=iphoneos*]" = "iPhone Developer";
				COPY_PHASE_STRIP = NO;
				DEBUG_INFORMATION_FORMAT = dwarf;
				ENABLE_STRICT_OBJC_MSGSEND = YES;
				ENABLE_TESTABILITY = YES;
				GCC_C_LANGUAGE_STANDARD = gnu99;
				GCC_DYNAMIC_NO_PIC = NO;
				GCC_NO_COMMON_BLOCKS = YES;
				GCC_OPTIMIZATION_LEVEL = 0;
				GCC_PREPROCESSOR_DEFINITIONS = (
					"DEBUG=1",
					"$(inherited)",
				);
				GCC_WARN_64_TO_32_BIT_CONVERSION = YES;
				GCC_WARN_ABOUT_RETURN_TYPE = YES_ERROR;
				GCC_WARN_UNDECLARED_SELECTOR = YES;
				GCC_WARN_UNINITIALIZED_AUTOS = YES_AGGRESSIVE;
				GCC_WARN_UNUSED_FUNCTION = YES;
				GCC_WARN_UNUSED_VARIABLE = YES;
				IPHONEOS_DEPLOYMENT_TARGET = 10.3;
				MTL_ENABLE_DEBUG_INFO = YES;
				ONLY_ACTIVE_ARCH = YES;
				OTHER_LDFLAGS = "-ObjC";
				SDKROOT = iphoneos;
				SWIFT_ACTIVE_COMPILATION_CONDITIONS = DEBUG;
				SWIFT_OPTIMIZATION_LEVEL = "-Onone";
				TARGETED_DEVICE_FAMILY = "1,2";
			};
			name = Debug;
		};
		2257604E1F335DC800875CDC /* Release */ = {
			isa = XCBuildConfiguration;
			buildSettings = {
				ALWAYS_SEARCH_USER_PATHS = NO;
				CLANG_ANALYZER_LOCALIZABILITY_NONLOCALIZED = YES;
				CLANG_ANALYZER_NONNULL = YES;
				CLANG_ANALYZER_NUMBER_OBJECT_CONVERSION = YES_AGGRESSIVE;
				CLANG_CXX_LANGUAGE_STANDARD = "gnu++0x";
				CLANG_CXX_LIBRARY = "libc++";
				CLANG_ENABLE_MODULES = YES;
				CLANG_ENABLE_OBJC_ARC = YES;
				CLANG_WARN_BLOCK_CAPTURE_AUTORELEASING = YES;
				CLANG_WARN_BOOL_CONVERSION = YES;
				CLANG_WARN_COMMA = YES;
				CLANG_WARN_CONSTANT_CONVERSION = YES;
				CLANG_WARN_DEPRECATED_OBJC_IMPLEMENTATIONS = YES;
				CLANG_WARN_DIRECT_OBJC_ISA_USAGE = YES_ERROR;
				CLANG_WARN_DOCUMENTATION_COMMENTS = YES;
				CLANG_WARN_EMPTY_BODY = YES;
				CLANG_WARN_ENUM_CONVERSION = YES;
				CLANG_WARN_INFINITE_RECURSION = YES;
				CLANG_WARN_INT_CONVERSION = YES;
				CLANG_WARN_NON_LITERAL_NULL_CONVERSION = YES;
				CLANG_WARN_OBJC_IMPLICIT_RETAIN_SELF = YES;
				CLANG_WARN_OBJC_LITERAL_CONVERSION = YES;
				CLANG_WARN_OBJC_ROOT_CLASS = YES_ERROR;
				CLANG_WARN_RANGE_LOOP_ANALYSIS = YES;
				CLANG_WARN_STRICT_PROTOTYPES = YES;
				CLANG_WARN_SUSPICIOUS_MOVE = YES;
				CLANG_WARN_UNREACHABLE_CODE = YES;
				CLANG_WARN__DUPLICATE_METHOD_MATCH = YES;
				"CODE_SIGN_IDENTITY[sdk=iphoneos*]" = "iPhone Developer";
				COPY_PHASE_STRIP = NO;
				DEBUG_INFORMATION_FORMAT = "dwarf-with-dsym";
				ENABLE_NS_ASSERTIONS = NO;
				ENABLE_STRICT_OBJC_MSGSEND = YES;
				GCC_C_LANGUAGE_STANDARD = gnu99;
				GCC_NO_COMMON_BLOCKS = YES;
				GCC_WARN_64_TO_32_BIT_CONVERSION = YES;
				GCC_WARN_ABOUT_RETURN_TYPE = YES_ERROR;
				GCC_WARN_UNDECLARED_SELECTOR = YES;
				GCC_WARN_UNINITIALIZED_AUTOS = YES_AGGRESSIVE;
				GCC_WARN_UNUSED_FUNCTION = YES;
				GCC_WARN_UNUSED_VARIABLE = YES;
				IPHONEOS_DEPLOYMENT_TARGET = 10.3;
				MTL_ENABLE_DEBUG_INFO = NO;
				OTHER_LDFLAGS = "-ObjC";
				SDKROOT = iphoneos;
				SWIFT_OPTIMIZATION_LEVEL = "-Owholemodule";
				TARGETED_DEVICE_FAMILY = "1,2";
				VALIDATE_PRODUCT = YES;
			};
			name = Release;
		};
		225760501F335DC800875CDC /* Debug */ = {
			isa = XCBuildConfiguration;
			baseConfigurationReference = 92669C6E078100A9145BAF34 /* Pods-LunchFree.debug.xcconfig */;
			buildSettings = {
				ASSETCATALOG_COMPILER_APPICON_NAME = AppIcon;
				FRAMEWORK_SEARCH_PATHS = (
					"$(inherited)",
					"$(PROJECT_DIR)/LunchFree",
				);
				INFOPLIST_FILE = LunchFree/Info.plist;
				LD_RUNPATH_SEARCH_PATHS = "$(inherited) @executable_path/Frameworks";
				PRODUCT_BUNDLE_IDENTIFIER = com.testing.LunchFree;
				PRODUCT_NAME = "$(TARGET_NAME)";
				SWIFT_SWIFT3_OBJC_INFERENCE = On;
				SWIFT_VERSION = 4.0;
				TARGETED_DEVICE_FAMILY = 1;
			};
			name = Debug;
		};
                225760511F335DC800875CDC /* Release */ = {
                        isa = XCBuildConfiguration;
                        baseConfigurationReference = FB71A98B63E254F0210C9123 /* Pods-LunchFree.release.xcconfig */;
                        buildSettings = {
                                ASSETCATALOG_COMPILER_APPICON_NAME = AppIcon;
                                FRAMEWORK_SEARCH_PATHS = (
                                        "$(inherited)",
                                        "$(PROJECT_DIR)/LunchFree",
                                );
                                INFOPLIST_FILE = LunchFree/Info.plist;
                                LD_RUNPATH_SEARCH_PATHS = "$(inherited) @executable_path/Frameworks";
                                PRODUCT_BUNDLE_IDENTIFIER = com.testing.LunchFree;
                                PRODUCT_NAME = "$(TARGET_NAME)";
                                SWIFT_SWIFT3_OBJC_INFERENCE = On;
                                SWIFT_VERSION = 4.0;
                                TARGETED_DEVICE_FAMILY = 1;
                        };
                        name = Release;
                };
                DDDDFF070F1F489F96BBA992 /* Debug */ = {
                        isa = XCBuildConfiguration;
                        buildSettings = {
                                FRAMEWORK_SEARCH_PATHS = (
                                        "$(inherited)",
                                        "$(PROJECT_DIR)/LunchFree",
                                );
                                INFOPLIST_FILE = LunchFreeTests/Info.plist;
                                LD_RUNPATH_SEARCH_PATHS = "$(inherited) @loader_path/Frameworks @executable_path/Frameworks";
                                PRODUCT_BUNDLE_IDENTIFIER = com.testing.LunchFreeTests;
                                PRODUCT_NAME = "$(TARGET_NAME)";
                                SWIFT_VERSION = 4.0;
                                TARGETED_DEVICE_FAMILY = 1;
                                TEST_HOST = "$(BUILT_PRODUCTS_DIR)/LunchFree.app/LunchFree";
                                BUNDLE_LOADER = "$(TEST_HOST)";
                        };
                        name = Debug;
                };
                42746617B23048DB8217D513 /* Release */ = {
                        isa = XCBuildConfiguration;
                        buildSettings = {
                                FRAMEWORK_SEARCH_PATHS = (
                                        "$(inherited)",
                                        "$(PROJECT_DIR)/LunchFree",
                                );
                                INFOPLIST_FILE = LunchFreeTests/Info.plist;
                                LD_RUNPATH_SEARCH_PATHS = "$(inherited) @loader_path/Frameworks @executable_path/Frameworks";
                                PRODUCT_BUNDLE_IDENTIFIER = com.testing.LunchFreeTests;
                                PRODUCT_NAME = "$(TARGET_NAME)";
                                SWIFT_VERSION = 4.0;
                                TARGETED_DEVICE_FAMILY = 1;
                                TEST_HOST = "$(BUILT_PRODUCTS_DIR)/LunchFree.app/LunchFree";
                                BUNDLE_LOADER = "$(TEST_HOST)";
                        };
                        name = Release;
                };
/* End XCBuildConfiguration section */

/* Begin XCConfigurationList section */
		225760361F335DC800875CDC /* Build configuration list for PBXProject "LunchFree" */ = {
			isa = XCConfigurationList;
			buildConfigurations = (
				2257604D1F335DC800875CDC /* Debug */,
				2257604E1F335DC800875CDC /* Release */,
			);
			defaultConfigurationIsVisible = 0;
			defaultConfigurationName = Release;
		};
                2257604F1F335DC800875CDC /* Build configuration list for PBXNativeTarget "LunchFree" */ = {
                        isa = XCConfigurationList;
                        buildConfigurations = (
                                225760501F335DC800875CDC /* Debug */,
                                225760511F335DC800875CDC /* Release */,
                        );
                        defaultConfigurationIsVisible = 0;
                        defaultConfigurationName = Release;
                };
                07AD97E5189948A7BE1730A4 /* Build configuration list for PBXNativeTarget "LunchFreeTests" */ = {
                        isa = XCConfigurationList;
                        buildConfigurations = (
                                DDDDFF070F1F489F96BBA992 /* Debug */,
                                42746617B23048DB8217D513 /* Release */,
                        );
                        defaultConfigurationIsVisible = 0;
                        defaultConfigurationName = Release;
                };
/* End XCConfigurationList section */
	};
	rootObject = 225760331F335DC800875CDC /* Project object */;
}
